
Microsoft Visual Studio Solution File, Format Version 12.00
# Visual Studio Version 17
VisualStudioVersion = 17.6.33829.357
MinimumVisualStudioVersion = 10.0.40219.1
Project("{2150E333-8FDC-42A3-9474-1A3956D46DE8}") = "src", "src", "{34EA0A90-2068-4EE4-BF2B-F759F8A92DD9}"
EndProject
Project("{2150E333-8FDC-42A3-9474-1A3956D46DE8}") = "API", "API", "{E765572B-FC7B-48E6-8C8E-C9A04A97B00B}"
EndProject
Project("{2150E333-8FDC-42A3-9474-1A3956D46DE8}") = "Core", "Core", "{1F0E5A58-87DB-48A7-97C8-4CB140646AE6}"
EndProject
Project("{2150E333-8FDC-42A3-9474-1A3956D46DE8}") = "Infrastructure", "Infrastructure", "{D8B5EE7A-6E39-4582-84ED-0824EF96BA64}"
EndProject
Project("{2150E333-8FDC-42A3-9474-1A3956D46DE8}") = "UI", "UI", "{52D9FC41-12BC-42BB-A941-2FB99BB1D06D}"
EndProject
Project("{2150E333-8FDC-42A3-9474-1A3956D46DE8}") = "test", "test", "{9F53DDA6-3F9D-4823-B702-773886F64FC2}"
EndProject
Project("{9A19103F-16F7-4668-BE54-9A1E7A4F7556}") = "HR.LeaveManagement.Domain", "HR.LeaveManagement.Domain\HR.LeaveManagement.Domain.csproj", "{D06D8363-4711-4122-A7AE-40056BB70ADC}"
EndProject
Project("{9A19103F-16F7-4668-BE54-9A1E7A4F7556}") = "HR.LeaveManagement.Application", "HR.LeaveManagement.Application\HR.LeaveManagement.Application.csproj", "{EECF2DAB-BCFE-4007-B8C4-92FFDF4FF2CE}"
EndProject
Project("{2150E333-8FDC-42A3-9474-1A3956D46DE8}") = "Solution Items", "Solution Items", "{FB7CF35D-4257-46C4-AFBF-CCACF0B9A916}"
	ProjectSection(SolutionItems) = preProject
		.gitignore = .gitignore
		README.md = README.md
	EndProjectSection
EndProject
Project("{9A19103F-16F7-4668-BE54-9A1E7A4F7556}") = "HR.LeaveManagement.Persistence", "HR.LeaveManagement.Persistence\HR.LeaveManagement.Persistence.csproj", "{5DE4BF15-A927-4A6B-BAF2-2CF32B6C0E45}"
EndProject
Project("{9A19103F-16F7-4668-BE54-9A1E7A4F7556}") = "HR.LeaveManagement.Infrastructure", "HR.LeaveManagement.Infrastructure\HR.LeaveManagement.Infrastructure.csproj", "{EF60D31B-812E-4149-B249-8720CA17D893}"
EndProject
Project("{9A19103F-16F7-4668-BE54-9A1E7A4F7556}") = "HR.LeaveManagement.API", "HR.LeaveManagement.API\HR.LeaveManagement.API.csproj", "{452CA4E1-B187-429F-8B32-4E4D70483FC6}"
EndProject
Project("{9A19103F-16F7-4668-BE54-9A1E7A4F7556}") = "HR.LeaveManagement.Application.UnitTests", "HR.LeaveManagement.Application.UnitTests\HR.LeaveManagement.Application.UnitTests.csproj", "{0A897930-7D1B-4776-A0E2-FBF8FEA4AC7E}"
EndProject
Project("{9A19103F-16F7-4668-BE54-9A1E7A4F7556}") = "HR.LeaveManagement.Persistence.IntegrationTests", "HR.LeaveManagement.Persistence.IntegrationTests\HR.LeaveManagement.Persistence.IntegrationTests.csproj", "{41EC918F-019A-48B9-87BB-DE3E1CA19464}"
EndProject
Project("{9A19103F-16F7-4668-BE54-9A1E7A4F7556}") = "HR.LeaveManagement.BlazorUI", "HR.LeaveManagement.BlazorUI\HR.LeaveManagement.BlazorUI.csproj", "{9F73B86A-FD40-4CAB-8FF6-0247D18F9346}"
EndProject
Project("{2150E333-8FDC-42A3-9474-1A3956D46DE8}") = "MappingProfiles", "MappingProfiles", "{411FF65D-333D-48F6-99C5-BD21C4EBC2D1}"
EndProject
Project("{9A19103F-16F7-4668-BE54-9A1E7A4F7556}") = "HR.LeaveManagement.Identity", "HR.LeaveManagement.Identity\HR.LeaveManagement.Identity.csproj", "{78A579F2-C39F-4643-880B-BC1407637514}"
EndProject
Global
	GlobalSection(SolutionConfigurationPlatforms) = preSolution
		Debug|Any CPU = Debug|Any CPU
		Release|Any CPU = Release|Any CPU
	EndGlobalSection
	GlobalSection(ProjectConfigurationPlatforms) = postSolution
		{D06D8363-4711-4122-A7AE-40056BB70ADC}.Debug|Any CPU.ActiveCfg = Debug|Any CPU
		{D06D8363-4711-4122-A7AE-40056BB70ADC}.Debug|Any CPU.Build.0 = Debug|Any CPU
		{D06D8363-4711-4122-A7AE-40056BB70ADC}.Release|Any CPU.ActiveCfg = Release|Any CPU
		{D06D8363-4711-4122-A7AE-40056BB70ADC}.Release|Any CPU.Build.0 = Release|Any CPU
		{EECF2DAB-BCFE-4007-B8C4-92FFDF4FF2CE}.Debug|Any CPU.ActiveCfg = Debug|Any CPU
		{EECF2DAB-BCFE-4007-B8C4-92FFDF4FF2CE}.Debug|Any CPU.Build.0 = Debug|Any CPU
		{EECF2DAB-BCFE-4007-B8C4-92FFDF4FF2CE}.Release|Any CPU.ActiveCfg = Release|Any CPU
		{EECF2DAB-BCFE-4007-B8C4-92FFDF4FF2CE}.Release|Any CPU.Build.0 = Release|Any CPU
		{5DE4BF15-A927-4A6B-BAF2-2CF32B6C0E45}.Debug|Any CPU.ActiveCfg = Debug|Any CPU
		{5DE4BF15-A927-4A6B-BAF2-2CF32B6C0E45}.Debug|Any CPU.Build.0 = Debug|Any CPU
		{5DE4BF15-A927-4A6B-BAF2-2CF32B6C0E45}.Release|Any CPU.ActiveCfg = Release|Any CPU
		{5DE4BF15-A927-4A6B-BAF2-2CF32B6C0E45}.Release|Any CPU.Build.0 = Release|Any CPU
		{EF60D31B-812E-4149-B249-8720CA17D893}.Debug|Any CPU.ActiveCfg = Debug|Any CPU
		{EF60D31B-812E-4149-B249-8720CA17D893}.Debug|Any CPU.Build.0 = Debug|Any CPU
		{EF60D31B-812E-4149-B249-8720CA17D893}.Release|Any CPU.ActiveCfg = Release|Any CPU
		{EF60D31B-812E-4149-B249-8720CA17D893}.Release|Any CPU.Build.0 = Release|Any CPU
		{452CA4E1-B187-429F-8B32-4E4D70483FC6}.Debug|Any CPU.ActiveCfg = Debug|Any CPU
		{452CA4E1-B187-429F-8B32-4E4D70483FC6}.Debug|Any CPU.Build.0 = Debug|Any CPU
		{452CA4E1-B187-429F-8B32-4E4D70483FC6}.Release|Any CPU.ActiveCfg = Release|Any CPU
		{452CA4E1-B187-429F-8B32-4E4D70483FC6}.Release|Any CPU.Build.0 = Release|Any CPU
		{0A897930-7D1B-4776-A0E2-FBF8FEA4AC7E}.Debug|Any CPU.ActiveCfg = Debug|Any CPU
		{0A897930-7D1B-4776-A0E2-FBF8FEA4AC7E}.Debug|Any CPU.Build.0 = Debug|Any CPU
		{0A897930-7D1B-4776-A0E2-FBF8FEA4AC7E}.Release|Any CPU.ActiveCfg = Release|Any CPU
		{0A897930-7D1B-4776-A0E2-FBF8FEA4AC7E}.Release|Any CPU.Build.0 = Release|Any CPU
		{41EC918F-019A-48B9-87BB-DE3E1CA19464}.Debug|Any CPU.ActiveCfg = Debug|Any CPU
		{41EC918F-019A-48B9-87BB-DE3E1CA19464}.Debug|Any CPU.Build.0 = Debug|Any CPU
		{41EC918F-019A-48B9-87BB-DE3E1CA19464}.Release|Any CPU.ActiveCfg = Release|Any CPU
		{41EC918F-019A-48B9-87BB-DE3E1CA19464}.Release|Any CPU.Build.0 = Release|Any CPU
		{9F73B86A-FD40-4CAB-8FF6-0247D18F9346}.Debug|Any CPU.ActiveCfg = Debug|Any CPU
		{9F73B86A-FD40-4CAB-8FF6-0247D18F9346}.Debug|Any CPU.Build.0 = Debug|Any CPU
		{9F73B86A-FD40-4CAB-8FF6-0247D18F9346}.Release|Any CPU.ActiveCfg = Release|Any CPU
		{9F73B86A-FD40-4CAB-8FF6-0247D18F9346}.Release|Any CPU.Build.0 = Release|Any CPU
		{78A579F2-C39F-4643-880B-BC1407637514}.Debug|Any CPU.ActiveCfg = Debug|Any CPU
		{78A579F2-C39F-4643-880B-BC1407637514}.Debug|Any CPU.Build.0 = Debug|Any CPU
		{78A579F2-C39F-4643-880B-BC1407637514}.Release|Any CPU.ActiveCfg = Release|Any CPU
		{78A579F2-C39F-4643-880B-BC1407637514}.Release|Any CPU.Build.0 = Release|Any CPU
	EndGlobalSection
	GlobalSection(SolutionProperties) = preSolution
		HideSolutionNode = FALSE
	EndGlobalSection
	GlobalSection(NestedProjects) = preSolution
		{E765572B-FC7B-48E6-8C8E-C9A04A97B00B} = {34EA0A90-2068-4EE4-BF2B-F759F8A92DD9}
		{1F0E5A58-87DB-48A7-97C8-4CB140646AE6} = {34EA0A90-2068-4EE4-BF2B-F759F8A92DD9}
		{D8B5EE7A-6E39-4582-84ED-0824EF96BA64} = {34EA0A90-2068-4EE4-BF2B-F759F8A92DD9}
		{52D9FC41-12BC-42BB-A941-2FB99BB1D06D} = {34EA0A90-2068-4EE4-BF2B-F759F8A92DD9}
		{D06D8363-4711-4122-A7AE-40056BB70ADC} = {1F0E5A58-87DB-48A7-97C8-4CB140646AE6}
		{EECF2DAB-BCFE-4007-B8C4-92FFDF4FF2CE} = {1F0E5A58-87DB-48A7-97C8-4CB140646AE6}
		{5DE4BF15-A927-4A6B-BAF2-2CF32B6C0E45} = {D8B5EE7A-6E39-4582-84ED-0824EF96BA64}
		{EF60D31B-812E-4149-B249-8720CA17D893} = {D8B5EE7A-6E39-4582-84ED-0824EF96BA64}
		{452CA4E1-B187-429F-8B32-4E4D70483FC6} = {E765572B-FC7B-48E6-8C8E-C9A04A97B00B}
		{0A897930-7D1B-4776-A0E2-FBF8FEA4AC7E} = {9F53DDA6-3F9D-4823-B702-773886F64FC2}
		{41EC918F-019A-48B9-87BB-DE3E1CA19464} = {9F53DDA6-3F9D-4823-B702-773886F64FC2}
		{9F73B86A-FD40-4CAB-8FF6-0247D18F9346} = {52D9FC41-12BC-42BB-A941-2FB99BB1D06D}
		{411FF65D-333D-48F6-99C5-BD21C4EBC2D1} = {52D9FC41-12BC-42BB-A941-2FB99BB1D06D}
		{78A579F2-C39F-4643-880B-BC1407637514} = {D8B5EE7A-6E39-4582-84ED-0824EF96BA64}
	EndGlobalSection
	GlobalSection(ExtensibilityGlobals) = postSolution
		SolutionGuid = {74FCA271-7137-4060-9B45-B487AF817AFF}
	EndGlobalSection
EndGlobal
